
Microsoft Visual Studio Solution File, Format Version 12.00
# Visual Studio Version 16
VisualStudioVersion = 16.0.31025.194
MinimumVisualStudioVersion = 10.0.40219.1
Project("{FAE04EC0-301F-11D3-BF4B-00C04F79EFBC}") = "TSPGreedy2", "TSPGreedy2.csproj", "{E04D0928-5760-444F-903A-D5B2FD332468}"
EndProject
Global
	GlobalSection(SolutionConfigurationPlatforms) = preSolution
		Debug|Any CPU = Debug|Any CPU
		Release|Any CPU = Release|Any CPU
	EndGlobalSection
	GlobalSection(ProjectConfigurationPlatforms) = postSolution
		{E04D0928-5760-444F-903A-D5B2FD332468}.Debug|Any CPU.ActiveCfg = Debug|Any CPU
		{E04D0928-5760-444F-903A-D5B2FD332468}.Debug|Any CPU.Build.0 = Debug|Any CPU
		{E04D0928-5760-444F-903A-D5B2FD332468}.Release|Any CPU.ActiveCfg = Release|Any CPU
		{E04D0928-5760-444F-903A-D5B2FD332468}.Release|Any CPU.Build.0 = Release|Any CPU
	EndGlobalSection
	GlobalSection(SolutionProperties) = preSolution
		HideSolutionNode = FALSE
	EndGlobalSection
	GlobalSection(ExtensibilityGlobals) = postSolution
		SolutionGuid = {B69E262C-7867-4EC5-B305-2CCA1E337FCD}
	EndGlobalSection
EndGlobal
